
Microsoft Visual Studio Solution File, Format Version 12.00
# Visual Studio Version 17
VisualStudioVersion = 17.14.36408.4 d17.14
MinimumVisualStudioVersion = 10.0.40219.1
Project("{FAE04EC0-301F-11D3-BF4B-00C04F79EFBC}") = "RefactorApp", "RefactorApp.csproj", "{B285C221-EFEF-476A-892C-A8A3C61D214B}"
EndProject
Project("{2150E333-8FDC-42A3-9474-1A3956D46DE8}") = "docs", "docs", "{02EA681E-C7D8-13C7-8484-4AC65E1B71E8}"
	ProjectSection(SolutionItems) = preProject
		..\README.md = ..\README.md
		..\specs.md = ..\specs.md
	EndProjectSection
EndProject
Project("{FAE04EC0-301F-11D3-BF4B-00C04F79EFBC}") = "RefactorApp.Tests", "..\RefactorApp.Tests\RefactorApp.Tests.csproj", "{7139769A-6CF8-42D5-92EC-3B6AD1098CF4}"
EndProject
Global
	GlobalSection(SolutionConfigurationPlatforms) = preSolution
		Debug|Any CPU = Debug|Any CPU
		Release|Any CPU = Release|Any CPU
	EndGlobalSection
	GlobalSection(ProjectConfigurationPlatforms) = postSolution
		{B285C221-EFEF-476A-892C-A8A3C61D214B}.Debug|Any CPU.ActiveCfg = Debug|Any CPU
		{B285C221-EFEF-476A-892C-A8A3C61D214B}.Debug|Any CPU.Build.0 = Debug|Any CPU
		{B285C221-EFEF-476A-892C-A8A3C61D214B}.Release|Any CPU.ActiveCfg = Release|Any CPU
		{B285C221-EFEF-476A-892C-A8A3C61D214B}.Release|Any CPU.Build.0 = Release|Any CPU
		{7139769A-6CF8-42D5-92EC-3B6AD1098CF4}.Debug|Any CPU.ActiveCfg = Debug|Any CPU
		{7139769A-6CF8-42D5-92EC-3B6AD1098CF4}.Debug|Any CPU.Build.0 = Debug|Any CPU
		{7139769A-6CF8-42D5-92EC-3B6AD1098CF4}.Release|Any CPU.ActiveCfg = Release|Any CPU
		{7139769A-6CF8-42D5-92EC-3B6AD1098CF4}.Release|Any CPU.Build.0 = Release|Any CPU
	EndGlobalSection
	GlobalSection(SolutionProperties) = preSolution
		HideSolutionNode = FALSE
	EndGlobalSection
	GlobalSection(ExtensibilityGlobals) = postSolution
		SolutionGuid = {072410C0-111C-4A84-9555-902E36ECC76F}
	EndGlobalSection
EndGlobal
